
Microsoft Visual Studio Solution File, Format Version 11.00
# Visual Studio 2010
Project("{FAE04EC0-301F-11D3-BF4B-00C04F79EFBC}") = "NancyRestService", "NancyRestService.csproj", "{FE08A6D8-F256-420E-B210-DBB030C0602B}"
EndProject
Project("{2150E333-8FDC-42A3-9474-1A3956D46DE8}") = ".nuget", ".nuget", "{E51F497E-E5C1-4D82-8EDD-2698A9D00053}"
	ProjectSection(SolutionItems) = preProject
		.nuget\NuGet.Config = .nuget\NuGet.Config
		.nuget\NuGet.exe = .nuget\NuGet.exe
		.nuget\NuGet.targets = .nuget\NuGet.targets
	EndProjectSection
EndProject
Global
	GlobalSection(SolutionConfigurationPlatforms) = preSolution
		Debug|x86 = Debug|x86
		Release|x86 = Release|x86
	EndGlobalSection
	GlobalSection(ProjectConfigurationPlatforms) = postSolution
		{FE08A6D8-F256-420E-B210-DBB030C0602B}.Debug|x86.ActiveCfg = Debug|x86
		{FE08A6D8-F256-420E-B210-DBB030C0602B}.Debug|x86.Build.0 = Debug|x86
		{FE08A6D8-F256-420E-B210-DBB030C0602B}.Release|x86.ActiveCfg = Release|x86
		{FE08A6D8-F256-420E-B210-DBB030C0602B}.Release|x86.Build.0 = Release|x86
	EndGlobalSection
	GlobalSection(SolutionProperties) = preSolution
		HideSolutionNode = FALSE
	EndGlobalSection
EndGlobal
