
Microsoft Visual Studio Solution File, Format Version 11.00
# Visual Studio 2010
Project("{FAE04EC0-301F-11D3-BF4B-00C04F79EFBC}") = "NancyRestService", "NancyRestService.csproj", "{FE08A6D8-F256-420E-B210-DBB030C0602B}"
EndProject
Global
	GlobalSection(SolutionConfigurationPlatforms) = preSolution
		Debug|x86 = Debug|x86
		Release|x86 = Release|x86
	EndGlobalSection
	GlobalSection(ProjectConfigurationPlatforms) = postSolution
		{FE08A6D8-F256-420E-B210-DBB030C0602B}.Debug|x86.ActiveCfg = Debug|x86
		{FE08A6D8-F256-420E-B210-DBB030C0602B}.Debug|x86.Build.0 = Debug|x86
		{FE08A6D8-F256-420E-B210-DBB030C0602B}.Release|x86.ActiveCfg = Release|x86
		{FE08A6D8-F256-420E-B210-DBB030C0602B}.Release|x86.Build.0 = Release|x86
	EndGlobalSection
	GlobalSection(SolutionProperties) = preSolution
		HideSolutionNode = FALSE
	EndGlobalSection
EndGlobal
